
Microsoft Visual Studio Solution File, Format Version 12.00
# Visual Studio Version 17
VisualStudioVersion = 17.1.32228.430
MinimumVisualStudioVersion = 10.0.40219.1
Project("{FAE04EC0-301F-11D3-BF4B-00C04F79EFBC}") = "YSAutoPlayer", "YSAutoPlayer\YSAutoPlayer.csproj", "{5BD39EAD-39C3-437A-8DC1-57E2896581C7}"
EndProject
Project("{FAE04EC0-301F-11D3-BF4B-00C04F79EFBC}") = "YSAutoPlayer.Core", "YSAutoPlayer.Core\YSAutoPlayer.Core.csproj", "{7BAEE192-9287-4B15-B40A-90A34657891C}"
EndProject
Project("{2150E333-8FDC-42A3-9474-1A3956D46DE8}") = "src", "src", "{6F37A5D0-AEFB-4144-B130-BEF32CB48883}"
EndProject
Project("{2150E333-8FDC-42A3-9474-1A3956D46DE8}") = "tests", "tests", "{E2516EB0-E890-4C64-93B8-932182B3D84C}"
EndProject
Project("{FAE04EC0-301F-11D3-BF4B-00C04F79EFBC}") = "YSAutoPlayer.Core.Test", "YSAutoPlayer.Core.Test\YSAutoPlayer.Core.Test.csproj", "{6B2E62D1-6F92-4AD9-9E64-64E4E652C17F}"
EndProject
Global
	GlobalSection(SolutionConfigurationPlatforms) = preSolution
		Debug|Any CPU = Debug|Any CPU
		Release|Any CPU = Release|Any CPU
	EndGlobalSection
	GlobalSection(ProjectConfigurationPlatforms) = postSolution
		{5BD39EAD-39C3-437A-8DC1-57E2896581C7}.Debug|Any CPU.ActiveCfg = Debug|Any CPU
		{5BD39EAD-39C3-437A-8DC1-57E2896581C7}.Debug|Any CPU.Build.0 = Debug|Any CPU
		{5BD39EAD-39C3-437A-8DC1-57E2896581C7}.Release|Any CPU.ActiveCfg = Release|Any CPU
		{5BD39EAD-39C3-437A-8DC1-57E2896581C7}.Release|Any CPU.Build.0 = Release|Any CPU
		{7BAEE192-9287-4B15-B40A-90A34657891C}.Debug|Any CPU.ActiveCfg = Debug|Any CPU
		{7BAEE192-9287-4B15-B40A-90A34657891C}.Debug|Any CPU.Build.0 = Debug|Any CPU
		{7BAEE192-9287-4B15-B40A-90A34657891C}.Release|Any CPU.ActiveCfg = Release|Any CPU
		{7BAEE192-9287-4B15-B40A-90A34657891C}.Release|Any CPU.Build.0 = Release|Any CPU
		{6B2E62D1-6F92-4AD9-9E64-64E4E652C17F}.Debug|Any CPU.ActiveCfg = Debug|Any CPU
		{6B2E62D1-6F92-4AD9-9E64-64E4E652C17F}.Debug|Any CPU.Build.0 = Debug|Any CPU
		{6B2E62D1-6F92-4AD9-9E64-64E4E652C17F}.Release|Any CPU.ActiveCfg = Release|Any CPU
		{6B2E62D1-6F92-4AD9-9E64-64E4E652C17F}.Release|Any CPU.Build.0 = Release|Any CPU
	EndGlobalSection
	GlobalSection(SolutionProperties) = preSolution
		HideSolutionNode = FALSE
	EndGlobalSection
	GlobalSection(NestedProjects) = preSolution
		{5BD39EAD-39C3-437A-8DC1-57E2896581C7} = {6F37A5D0-AEFB-4144-B130-BEF32CB48883}
		{7BAEE192-9287-4B15-B40A-90A34657891C} = {6F37A5D0-AEFB-4144-B130-BEF32CB48883}
		{6B2E62D1-6F92-4AD9-9E64-64E4E652C17F} = {E2516EB0-E890-4C64-93B8-932182B3D84C}
	EndGlobalSection
	GlobalSection(ExtensibilityGlobals) = postSolution
		SolutionGuid = {F3AE8D83-ED4E-4C37-8D6B-F4C08EF2C3BD}
	EndGlobalSection
EndGlobal
